{
  "lockfile_version": "1",
  "packages": {
    "git@2.51.2": {
      "last_modified": "2025-11-23T21:50:36Z",
      "resolved": "github:NixOS/nixpkgs/ee09932cedcef15aaf476f9343d1dea2cb77e261#git",
      "source": "devbox-search",
      "version": "2.51.2",
      "systems": {
        "aarch64-darwin": {
          "outputs": [
            {
              "name": "out",
              "path": "/nix/store/x34bh6s6ighg7lb74nkjbx3nx52zj0j9-git-2.51.2",
              "default": true
            },
            {
              "name": "doc",
              "path": "/nix/store/6wnscv0364r6430qmx33nn927dlw2vnf-git-2.51.2-doc"
            }
          ],
          "store_path": "/nix/store/x34bh6s6ighg7lb74nkjbx3nx52zj0j9-git-2.51.2"
        },
        "aarch64-linux": {
          "outputs": [
            {
              "name": "out",
              "path": "/nix/store/gzdcfmx2p9nvd4z21b6ns00cp4sv1d2h-git-2.51.2",
              "default": true
            },
            {
              "name": "debug",
              "path": "/nix/store/5l5ln59lpi4qv2qm59aqchlz32j9zcm9-git-2.51.2-debug"
            },
            {
              "name": "doc",
              "path": "/nix/store/w28mqxb1bd51f5rwh5127pvbp31lnqmv-git-2.51.2-doc"
            }
          ],
          "store_path": "/nix/store/gzdcfmx2p9nvd4z21b6ns00cp4sv1d2h-git-2.51.2"
        },
        "x86_64-darwin": {
          "outputs": [
            {
              "name": "out",
              "path": "/nix/store/zz5xiyzpnn06cdgw1xnlvs1sbly5247r-git-2.51.2",
              "default": true
            },
            {
              "name": "doc",
              "path": "/nix/store/vrisnm56c5v8mzbv55yrq28wgkvga8nm-git-2.51.2-doc"
            }
          ],
          "store_path": "/nix/store/zz5xiyzpnn06cdgw1xnlvs1sbly5247r-git-2.51.2"
        },
        "x86_64-linux": {
          "outputs": [
            {
              "name": "out",
              "path": "/nix/store/4qhdhmi7pzgad0zfd7c5lsg235mbf9hv-git-2.51.2",
              "default": true
            },
            {
              "name": "debug",
              "path": "/nix/store/pjr2vd588sxa47glfg0ky0df3vk79dcs-git-2.51.2-debug"
            },
            {
              "name": "doc",
              "path": "/nix/store/9k6ivrdddy9s3z1hiwgavl0kfr2czgav-git-2.51.2-doc"
            }
          ],
          "store_path": "/nix/store/4qhdhmi7pzgad0zfd7c5lsg235mbf9hv-git-2.51.2"
        }
      }
    },
    "github:NixOS/nixpkgs/nixpkgs-unstable": {
      "last_modified": "2025-09-28T05:12:35Z",
      "resolved": "github:NixOS/nixpkgs/e9f00bd893984bc8ce46c895c3bf7cac95331127?lastModified=1759036355&narHash=sha256-0m27AKv6ka%2Bq270dw48KflE0LwQYrO7Fm4%2F2%2F%2FKCVWg%3D"
    },
    "kind@0.31.0": {
      "last_modified": "2025-12-31T03:27:36Z",
      "resolved": "github:NixOS/nixpkgs/f665af0cdb70ed27e1bd8f9fdfecaf451260fc55#kind",
      "source": "devbox-search",
      "version": "0.31.0",
      "systems": {
        "aarch64-darwin": {
          "outputs": [
            {
              "name": "out",
              "path": "/nix/store/mbw6acfg9zwlchqmij7gd4g0sfxh61g0-kind-0.31.0",
              "default": true
            }
          ],
          "store_path": "/nix/store/mbw6acfg9zwlchqmij7gd4g0sfxh61g0-kind-0.31.0"
        },
        "aarch64-linux": {
          "outputs": [
            {
              "name": "out",
              "path": "/nix/store/3ayz1zmgwlkakdgz15isc826lhirpl0w-kind-0.31.0",
              "default": true
            }
          ],
          "store_path": "/nix/store/3ayz1zmgwlkakdgz15isc826lhirpl0w-kind-0.31.0"
        },
        "x86_64-darwin": {
          "outputs": [
            {
              "name": "out",
              "path": "/nix/store/wq2qfwvnrkfb39np762bc90y40lqs6hj-kind-0.31.0",
              "default": true
            }
          ],
          "store_path": "/nix/store/wq2qfwvnrkfb39np762bc90y40lqs6hj-kind-0.31.0"
        },
        "x86_64-linux": {
          "outputs": [
            {
              "name": "out",
              "path": "/nix/store/bwjsrl5n0lzl8d3308z1qzy5bgh9rsbh-kind-0.31.0",
              "default": true
            }
          ],
          "store_path": "/nix/store/bwjsrl5n0lzl8d3308z1qzy5bgh9rsbh-kind-0.31.0"
        }
      }
    },
    "kubectl-tree@0.4.6": {
      "last_modified": "2025-11-17T10:23:24Z",
      "resolved": "github:NixOS/nixpkgs/8b6600824693a9c706ef09bd86711ca393703466#kubectl-tree",
      "source": "devbox-search",
      "version": "0.4.6",
      "systems": {
        "aarch64-darwin": {
          "outputs": [
            {
              "name": "out",
              "path": "/nix/store/q0dy4ahbwbsy1bp0m0h507hlj41vr3qp-kubectl-tree-0.4.6",
              "default": true
            }
          ],
          "store_path": "/nix/store/q0dy4ahbwbsy1bp0m0h507hlj41vr3qp-kubectl-tree-0.4.6"
        },
        "aarch64-linux": {
          "outputs": [
            {
              "name": "out",
              "path": "/nix/store/kdk58hdm382kh9mydm66v3vkvxb593wr-kubectl-tree-0.4.6",
              "default": true
            }
          ],
          "store_path": "/nix/store/kdk58hdm382kh9mydm66v3vkvxb593wr-kubectl-tree-0.4.6"
        },
        "x86_64-darwin": {
          "outputs": [
            {
              "name": "out",
              "path": "/nix/store/m1pnngbvpxwwsjgrlqbjs155pm636791-kubectl-tree-0.4.6",
              "default": true
            }
          ],
          "store_path": "/nix/store/m1pnngbvpxwwsjgrlqbjs155pm636791-kubectl-tree-0.4.6"
        },
        "x86_64-linux": {
          "outputs": [
            {
              "name": "out",
              "path": "/nix/store/7rvnjgwzddix8326xks0nk67wn00fc96-kubectl-tree-0.4.6",
              "default": true
            }
          ],
          "store_path": "/nix/store/7rvnjgwzddix8326xks0nk67wn00fc96-kubectl-tree-0.4.6"
        }
      }
    },
    "kubernetes-helm@3.19.1": {
      "last_modified": "2025-12-31T03:27:36Z",
      "resolved": "github:NixOS/nixpkgs/f665af0cdb70ed27e1bd8f9fdfecaf451260fc55#kubernetes-helm",
      "source": "devbox-search",
      "version": "3.19.1",
      "systems": {
        "aarch64-darwin": {
          "outputs": [
            {
              "name": "out",
              "path": "/nix/store/8p5hwk87jkd26w6lmj7ma0f5qdi9i7fb-kubernetes-helm-3.19.1",
              "default": true
            }
          ],
          "store_path": "/nix/store/8p5hwk87jkd26w6lmj7ma0f5qdi9i7fb-kubernetes-helm-3.19.1"
        },
        "aarch64-linux": {
          "outputs": [
            {
              "name": "out",
              "path": "/nix/store/z773dqh5w017a1c6jhzlqcnq6ivwwjz9-kubernetes-helm-3.19.1",
              "default": true
            }
          ],
          "store_path": "/nix/store/z773dqh5w017a1c6jhzlqcnq6ivwwjz9-kubernetes-helm-3.19.1"
        },
        "x86_64-darwin": {
          "outputs": [
            {
              "name": "out",
              "path": "/nix/store/m5wzcpj7yfdkv9za53d2hv81m3zxy745-kubernetes-helm-3.19.1",
              "default": true
            }
          ],
          "store_path": "/nix/store/m5wzcpj7yfdkv9za53d2hv81m3zxy745-kubernetes-helm-3.19.1"
        },
        "x86_64-linux": {
          "outputs": [
            {
              "name": "out",
              "path": "/nix/store/rv448bzmz78z9vqvgy92428ybjp0nxzi-kubernetes-helm-3.19.1",
              "default": true
            }
          ],
          "store_path": "/nix/store/rv448bzmz78z9vqvgy92428ybjp0nxzi-kubernetes-helm-3.19.1"
        }
      }
    },
    "nushell@0.108.0": {
      "last_modified": "2025-12-31T03:27:36Z",
      "resolved": "github:NixOS/nixpkgs/f665af0cdb70ed27e1bd8f9fdfecaf451260fc55#nushell",
      "source": "devbox-search",
      "version": "0.108.0",
      "systems": {
        "aarch64-darwin": {
          "outputs": [
            {
              "name": "out",
              "path": "/nix/store/3j5w6cqrhb82pgnx8hrv50qivbc14zxx-nushell-0.108.0",
              "default": true
            }
          ],
          "store_path": "/nix/store/3j5w6cqrhb82pgnx8hrv50qivbc14zxx-nushell-0.108.0"
        },
        "aarch64-linux": {
          "outputs": [
            {
              "name": "out",
              "path": "/nix/store/b721y6sxcmwywrw507ns4xhlpq9ngxgh-nushell-0.108.0",
              "default": true
            }
          ],
          "store_path": "/nix/store/b721y6sxcmwywrw507ns4xhlpq9ngxgh-nushell-0.108.0"
        },
        "x86_64-darwin": {
          "outputs": [
            {
              "name": "out",
              "path": "/nix/store/1r8sxb4va37cmig1kix8dfxysgp7ilps-nushell-0.108.0",
              "default": true
            }
          ],
          "store_path": "/nix/store/1r8sxb4va37cmig1kix8dfxysgp7ilps-nushell-0.108.0"
        },
        "x86_64-linux": {
          "outputs": [
            {
              "name": "out",
              "path": "/nix/store/mnghz2rmv7fd4ymccs744wjnah3j3skn-nushell-0.108.0",
              "default": true
            }
          ],
          "store_path": "/nix/store/mnghz2rmv7fd4ymccs744wjnah3j3skn-nushell-0.108.0"
        }
      }
    },
    "vals@0.42.6": {
      "last_modified": "2025-12-31T03:27:36Z",
      "resolved": "github:NixOS/nixpkgs/f665af0cdb70ed27e1bd8f9fdfecaf451260fc55#vals",
      "source": "devbox-search",
      "version": "0.42.6",
      "systems": {
        "aarch64-darwin": {
          "outputs": [
            {
              "name": "out",
              "path": "/nix/store/b7wxjafb4il13b9lr0nd8k9lda5miy9g-vals-0.42.6",
              "default": true
            }
          ],
          "store_path": "/nix/store/b7wxjafb4il13b9lr0nd8k9lda5miy9g-vals-0.42.6"
        },
        "aarch64-linux": {
          "outputs": [
            {
              "name": "out",
              "path": "/nix/store/byp1xkjbmrclcs9gh5244y3vraj9s9lg-vals-0.42.6",
              "default": true
            }
          ],
          "store_path": "/nix/store/byp1xkjbmrclcs9gh5244y3vraj9s9lg-vals-0.42.6"
        },
        "x86_64-darwin": {
          "outputs": [
            {
              "name": "out",
              "path": "/nix/store/b3iqdxczbgps4lpshffkmk1g7braymyy-vals-0.42.6",
              "default": true
            }
          ],
          "store_path": "/nix/store/b3iqdxczbgps4lpshffkmk1g7braymyy-vals-0.42.6"
        },
        "x86_64-linux": {
          "outputs": [
            {
              "name": "out",
              "path": "/nix/store/ralcwln869c2v7sr5ldw64dh30nixilv-vals-0.42.6",
              "default": true
            }
          ],
          "store_path": "/nix/store/ralcwln869c2v7sr5ldw64dh30nixilv-vals-0.42.6"
        }
      }
    },
    "yq-go@4.50.1": {
      "last_modified": "2025-12-15T04:22:15Z",
      "resolved": "github:NixOS/nixpkgs/09b8fda8959d761445f12b55f380d90375a1d6bb#yq-go",
      "source": "devbox-search",
      "version": "4.50.1",
      "systems": {
        "aarch64-darwin": {
          "outputs": [
            {
              "name": "out",
              "path": "/nix/store/3y3aq58bp35iwxlbkz3d91sph50wlmls-yq-go-4.50.1",
              "default": true
            }
          ],
          "store_path": "/nix/store/3y3aq58bp35iwxlbkz3d91sph50wlmls-yq-go-4.50.1"
        },
        "aarch64-linux": {
          "outputs": [
            {
              "name": "out",
              "path": "/nix/store/1yfc76bww15qsvsqmry8k9glkql2r0z0-yq-go-4.50.1",
              "default": true
            }
          ],
          "store_path": "/nix/store/1yfc76bww15qsvsqmry8k9glkql2r0z0-yq-go-4.50.1"
        },
        "x86_64-darwin": {
          "outputs": [
            {
              "name": "out",
              "path": "/nix/store/rmyvyk5shq34zpsc8g31d0q71k75izbr-yq-go-4.50.1",
              "default": true
            }
          ],
          "store_path": "/nix/store/rmyvyk5shq34zpsc8g31d0q71k75izbr-yq-go-4.50.1"
        },
        "x86_64-linux": {
          "outputs": [
            {
              "name": "out",
              "path": "/nix/store/q19pyndq69l2ca6vcazj0bjhzfpd1kyj-yq-go-4.50.1",
              "default": true
            }
          ],
          "store_path": "/nix/store/q19pyndq69l2ca6vcazj0bjhzfpd1kyj-yq-go-4.50.1"
        }
      }
    }
  }
}
